// !$*UTF8*$!
{
	archiveVersion = 1;
	classes = {
	};
	objectVersion = 56;
	objects = {

/* Begin PBXBuildFile section */
		29E7A3862C89A69000EB7951 /* AppDelegate.m in Sources */ = {isa = PBXBuildFile; fileRef = 29E7A3852C89A69000EB7951 /* AppDelegate.m */; };
		29E7A3892C89A69000EB7951 /* SceneDelegate.m in Sources */ = {isa = PBXBuildFile; fileRef = 29E7A3882C89A69000EB7951 /* SceneDelegate.m */; };
		29E7A38C2C89A69000EB7951 /* ViewController.m in Sources */ = {isa = PBXBuildFile; fileRef = 29E7A38B2C89A69000EB7951 /* ViewController.m */; };
		29E7A38F2C89A69000EB7951 /* Base in Resources */ = {isa = PBXBuildFile; fileRef = 29E7A38E2C89A69000EB7951 /* Base */; };
		29E7A3912C89A69500EB7951 /* Assets.xcassets in Resources */ = {isa = PBXBuildFile; fileRef = 29E7A3902C89A69500EB7951 /* Assets.xcassets */; };
		29E7A3942C89A69500EB7951 /* Base in Resources */ = {isa = PBXBuildFile; fileRef = 29E7A3932C89A69500EB7951 /* Base */; };
		29E7A3972C89A69500EB7951 /* main.m in Sources */ = {isa = PBXBuildFile; fileRef = 29E7A3962C89A69500EB7951 /* main.m */; };
		29E7A3A02C89B1D700EB7951 /* ReactNativeViewController.m in Sources */ = {isa = PBXBuildFile; fileRef = 29E7A39F2C89B1D700EB7951 /* ReactNativeViewController.m */; };
		86B5354239B160DFE43D0083 /* PrivacyInfo.xcprivacy in Resources */ = {isa = PBXBuildFile; fileRef = 51CA8E11595148BF89692998 /* PrivacyInfo.xcprivacy */; };
		C0ECDCADF76BCF57E4775F38 /* libPods-ModalRepro.a in Frameworks */ = {isa = PBXBuildFile; fileRef = 383F4A132A495DB28F83DB8D /* libPods-ModalRepro.a */; };
/* End PBXBuildFile section */

/* Begin PBXFileReference section */
		0E760F6C320BAC722706C93C /* Pods-ModalRepro.release.xcconfig */ = {isa = PBXFileReference; includeInIndex = 1; lastKnownFileType = text.xcconfig; name = "Pods-ModalRepro.release.xcconfig"; path = "Target Support Files/Pods-ModalRepro/Pods-ModalRepro.release.xcconfig"; sourceTree = "<group>"; };
		29E7A3812C89A69000EB7951 /* ModalRepro.app */ = {isa = PBXFileReference; explicitFileType = wrapper.application; includeInIndex = 0; path = ModalRepro.app; sourceTree = BUILT_PRODUCTS_DIR; };
		29E7A3842C89A69000EB7951 /* AppDelegate.h */ = {isa = PBXFileReference; lastKnownFileType = sourcecode.c.h; path = AppDelegate.h; sourceTree = "<group>"; };
		29E7A3852C89A69000EB7951 /* AppDelegate.m */ = {isa = PBXFileReference; lastKnownFileType = sourcecode.c.objc; path = AppDelegate.m; sourceTree = "<group>"; };
		29E7A3872C89A69000EB7951 /* SceneDelegate.h */ = {isa = PBXFileReference; lastKnownFileType = sourcecode.c.h; path = SceneDelegate.h; sourceTree = "<group>"; };
		29E7A3882C89A69000EB7951 /* SceneDelegate.m */ = {isa = PBXFileReference; lastKnownFileType = sourcecode.c.objc; path = SceneDelegate.m; sourceTree = "<group>"; };
		29E7A38A2C89A69000EB7951 /* ViewController.h */ = {isa = PBXFileReference; lastKnownFileType = sourcecode.c.h; path = ViewController.h; sourceTree = "<group>"; };
		29E7A38B2C89A69000EB7951 /* ViewController.m */ = {isa = PBXFileReference; lastKnownFileType = sourcecode.c.objc; path = ViewController.m; sourceTree = "<group>"; };
		29E7A38E2C89A69000EB7951 /* Base */ = {isa = PBXFileReference; lastKnownFileType = file.storyboard; name = Base; path = Base.lproj/Main.storyboard; sourceTree = "<group>"; };
		29E7A3902C89A69500EB7951 /* Assets.xcassets */ = {isa = PBXFileReference; lastKnownFileType = folder.assetcatalog; path = Assets.xcassets; sourceTree = "<group>"; };
		29E7A3932C89A69500EB7951 /* Base */ = {isa = PBXFileReference; lastKnownFileType = file.storyboard; name = Base; path = Base.lproj/LaunchScreen.storyboard; sourceTree = "<group>"; };
		29E7A3952C89A69500EB7951 /* Info.plist */ = {isa = PBXFileReference; lastKnownFileType = text.plist.xml; path = Info.plist; sourceTree = "<group>"; };
		29E7A3962C89A69500EB7951 /* main.m */ = {isa = PBXFileReference; lastKnownFileType = sourcecode.c.objc; path = main.m; sourceTree = "<group>"; };
		29E7A39E2C89B1D700EB7951 /* ReactNativeViewController.h */ = {isa = PBXFileReference; lastKnownFileType = sourcecode.c.h; path = ReactNativeViewController.h; sourceTree = "<group>"; };
		29E7A39F2C89B1D700EB7951 /* ReactNativeViewController.m */ = {isa = PBXFileReference; lastKnownFileType = sourcecode.c.objc; path = ReactNativeViewController.m; sourceTree = "<group>"; };
		383F4A132A495DB28F83DB8D /* libPods-ModalRepro.a */ = {isa = PBXFileReference; explicitFileType = archive.ar; includeInIndex = 0; path = "libPods-ModalRepro.a"; sourceTree = BUILT_PRODUCTS_DIR; };
		3BC8712B8D643E8A590F3E7B /* Pods-ModalRepro.debug.xcconfig */ = {isa = PBXFileReference; includeInIndex = 1; lastKnownFileType = text.xcconfig; name = "Pods-ModalRepro.debug.xcconfig"; path = "Target Support Files/Pods-ModalRepro/Pods-ModalRepro.debug.xcconfig"; sourceTree = "<group>"; };
		51CA8E11595148BF89692998 /* PrivacyInfo.xcprivacy */ = {isa = PBXFileReference; includeInIndex = 1; lastKnownFileType = text.xml; name = PrivacyInfo.xcprivacy; path = ../PrivacyInfo.xcprivacy; sourceTree = "<group>"; };
/* End PBXFileReference section */

/* Begin PBXFrameworksBuildPhase section */
		29E7A37E2C89A69000EB7951 /* Frameworks */ = {
			isa = PBXFrameworksBuildPhase;
			buildActionMask = 2147483647;
			files = (
				C0ECDCADF76BCF57E4775F38 /* libPods-ModalRepro.a in Frameworks */,
			);
			runOnlyForDeploymentPostprocessing = 0;
		};
/* End PBXFrameworksBuildPhase section */

/* Begin PBXGroup section */
		29C49777D6DDF2EEB9FC2B0B /* Frameworks */ = {
			isa = PBXGroup;
			children = (
				383F4A132A495DB28F83DB8D /* libPods-ModalRepro.a */,
			);
			name = Frameworks;
			sourceTree = "<group>";
		};
		29E7A3782C89A69000EB7951 = {
			isa = PBXGroup;
			children = (
				29E7A3832C89A69000EB7951 /* ModalRepro */,
				29E7A3822C89A69000EB7951 /* Products */,
				D47887DD1C3B484E03E6EED3 /* Pods */,
				29C49777D6DDF2EEB9FC2B0B /* Frameworks */,
			);
			sourceTree = "<group>";
		};
		29E7A3822C89A69000EB7951 /* Products */ = {
			isa = PBXGroup;
			children = (
				29E7A3812C89A69000EB7951 /* ModalRepro.app */,
			);
			name = Products;
			sourceTree = "<group>";
		};
		29E7A3832C89A69000EB7951 /* ModalRepro */ = {
			isa = PBXGroup;
			children = (
				29E7A3842C89A69000EB7951 /* AppDelegate.h */,
				29E7A3852C89A69000EB7951 /* AppDelegate.m */,
				29E7A39E2C89B1D700EB7951 /* ReactNativeViewController.h */,
				29E7A39F2C89B1D700EB7951 /* ReactNativeViewController.m */,
				29E7A3872C89A69000EB7951 /* SceneDelegate.h */,
				29E7A3882C89A69000EB7951 /* SceneDelegate.m */,
				29E7A38A2C89A69000EB7951 /* ViewController.h */,
				29E7A38B2C89A69000EB7951 /* ViewController.m */,
				29E7A38D2C89A69000EB7951 /* Main.storyboard */,
				29E7A3902C89A69500EB7951 /* Assets.xcassets */,
				29E7A3922C89A69500EB7951 /* LaunchScreen.storyboard */,
				29E7A3952C89A69500EB7951 /* Info.plist */,
				29E7A3962C89A69500EB7951 /* main.m */,
				51CA8E11595148BF89692998 /* PrivacyInfo.xcprivacy */,
			);
			path = ModalRepro;
			sourceTree = "<group>";
		};
		D47887DD1C3B484E03E6EED3 /* Pods */ = {
			isa = PBXGroup;
			children = (
				3BC8712B8D643E8A590F3E7B /* Pods-ModalRepro.debug.xcconfig */,
				0E760F6C320BAC722706C93C /* Pods-ModalRepro.release.xcconfig */,
			);
			name = Pods;
			path = ../Pods;
			sourceTree = "<group>";
		};
/* End PBXGroup section */

/* Begin PBXNativeTarget section */
		29E7A3802C89A69000EB7951 /* ModalRepro */ = {
			isa = PBXNativeTarget;
			buildConfigurationList = 29E7A39A2C89A69500EB7951 /* Build configuration list for PBXNativeTarget "ModalRepro" */;
			buildPhases = (
				58925FF89EE7DA4136268966 /* [CP] Check Pods Manifest.lock */,
				29E7A37D2C89A69000EB7951 /* Sources */,
				29E7A37E2C89A69000EB7951 /* Frameworks */,
				29E7A37F2C89A69000EB7951 /* Resources */,
				29E7A39D2C89AF8400EB7951 /* Bundle React Native code and images */,
				F65FCD0A1D429A199A0F4106 /* [CP] Embed Pods Frameworks */,
				6F9E6656721E2360F88428C3 /* [CP] Copy Pods Resources */,
			);
			buildRules = (
			);
			dependencies = (
			);
			name = ModalRepro;
			productName = ModalRepro;
			productReference = 29E7A3812C89A69000EB7951 /* ModalRepro.app */;
			productType = "com.apple.product-type.application";
		};
/* End PBXNativeTarget section */

/* Begin PBXProject section */
		29E7A3792C89A69000EB7951 /* Project object */ = {
			isa = PBXProject;
			attributes = {
				BuildIndependentTargetsInParallel = 1;
				LastUpgradeCheck = 1540;
				TargetAttributes = {
					29E7A3802C89A69000EB7951 = {
						CreatedOnToolsVersion = 15.4;
					};
				};
			};
			buildConfigurationList = 29E7A37C2C89A69000EB7951 /* Build configuration list for PBXProject "ModalRepro" */;
			compatibilityVersion = "Xcode 14.0";
			developmentRegion = en;
			hasScannedForEncodings = 0;
			knownRegions = (
				en,
				Base,
			);
			mainGroup = 29E7A3782C89A69000EB7951;
			productRefGroup = 29E7A3822C89A69000EB7951 /* Products */;
			projectDirPath = "";
			projectRoot = "";
			targets = (
				29E7A3802C89A69000EB7951 /* ModalRepro */,
			);
		};
/* End PBXProject section */

/* Begin PBXResourcesBuildPhase section */
		29E7A37F2C89A69000EB7951 /* Resources */ = {
			isa = PBXResourcesBuildPhase;
			buildActionMask = 2147483647;
			files = (
				29E7A3912C89A69500EB7951 /* Assets.xcassets in Resources */,
				29E7A3942C89A69500EB7951 /* Base in Resources */,
				29E7A38F2C89A69000EB7951 /* Base in Resources */,
				86B5354239B160DFE43D0083 /* PrivacyInfo.xcprivacy in Resources */,
			);
			runOnlyForDeploymentPostprocessing = 0;
		};
/* End PBXResourcesBuildPhase section */

/* Begin PBXShellScriptBuildPhase section */
		29E7A39D2C89AF8400EB7951 /* Bundle React Native code and images */ = {
			isa = PBXShellScriptBuildPhase;
			alwaysOutOfDate = 1;
			buildActionMask = 2147483647;
			files = (
			);
			inputFileListPaths = (
			);
			inputPaths = (
				"$(SRCROOT)/.xcode.env.local",
				"$(SRCROOT)/.xcode.env",
			);
			name = "Bundle React Native code and images";
			outputFileListPaths = (
			);
			outputPaths = (
			);
			runOnlyForDeploymentPostprocessing = 0;
			shellPath = /bin/sh;
			shellScript = "if [[ -f \"$PODS_ROOT/../.xcode.env\" ]]; then\n  source \"$PODS_ROOT/../.xcode.env\"\nfi\nif [[ -f \"$PODS_ROOT/../.xcode.env.local\" ]]; then\n  source \"$PODS_ROOT/../.xcode.env.local\"\nfi\n\n# The project root by default is one level up from the ios directory\nexport PROJECT_ROOT=\"$PROJECT_DIR\"/..\n\nif [[ \"$CONFIGURATION\" = *Debug* ]]; then\n  export SKIP_BUNDLING=1\nfi\nif [[ -z \"$ENTRY_FILE\" ]]; then\n  # Set the entry JS file using the bundler's entry resolution.\n  export ENTRY_FILE=\"$(\"$NODE_BINARY\" -e \"require('expo/scripts/resolveAppEntry')\" \"$PROJECT_ROOT\" ios absolute | tail -n 1)\"\nfi\n\nif [[ -z \"$CLI_PATH\" ]]; then\n  # Use Expo CLI\n  export CLI_PATH=\"$(\"$NODE_BINARY\" --print \"require.resolve('@expo/cli', { paths: [require.resolve('expo/package.json')] })\")\"\nfi\nif [[ -z \"$BUNDLE_COMMAND\" ]]; then\n  # Default Expo CLI command for bundling\n  export BUNDLE_COMMAND=\"export:embed\"\nfi\n\n# Source .xcode.env.updates if it exists to allow\n# SKIP_BUNDLING to be unset if needed\nif [[ -f \"$PODS_ROOT/../.xcode.env.updates\" ]]; then\n  source \"$PODS_ROOT/../.xcode.env.updates\"\nfi\n# Source local changes to allow overrides\n# if needed\nif [[ -f \"$PODS_ROOT/../.xcode.env.local\" ]]; then\n  source \"$PODS_ROOT/../.xcode.env.local\"\nfi\n\n`\"$NODE_BINARY\" --print \"require('path').dirname(require.resolve('react-native/package.json')) + '/scripts/react-native-xcode.sh'\"`\n\n";
		};
		58925FF89EE7DA4136268966 /* [CP] Check Pods Manifest.lock */ = {
			isa = PBXShellScriptBuildPhase;
			buildActionMask = 2147483647;
			files = (
			);
			inputFileListPaths = (
			);
			inputPaths = (
				"${PODS_PODFILE_DIR_PATH}/Podfile.lock",
				"${PODS_ROOT}/Manifest.lock",
			);
			name = "[CP] Check Pods Manifest.lock";
			outputFileListPaths = (
			);
			outputPaths = (
				"$(DERIVED_FILE_DIR)/Pods-ModalRepro-checkManifestLockResult.txt",
			);
			runOnlyForDeploymentPostprocessing = 0;
			shellPath = /bin/sh;
			shellScript = "diff \"${PODS_PODFILE_DIR_PATH}/Podfile.lock\" \"${PODS_ROOT}/Manifest.lock\" > /dev/null\nif [ $? != 0 ] ; then\n    # print error to STDERR\n    echo \"error: The sandbox is not in sync with the Podfile.lock. Run 'pod install' or update your CocoaPods installation.\" >&2\n    exit 1\nfi\n# This output is used by Xcode 'outputs' to avoid re-running this script phase.\necho \"SUCCESS\" > \"${SCRIPT_OUTPUT_FILE_0}\"\n";
			showEnvVarsInLog = 0;
		};
		6F9E6656721E2360F88428C3 /* [CP] Copy Pods Resources */ = {
			isa = PBXShellScriptBuildPhase;
			buildActionMask = 2147483647;
			files = (
			);
			inputFileListPaths = (
				"${PODS_ROOT}/Target Support Files/Pods-ModalRepro/Pods-ModalRepro-resources-${CONFIGURATION}-input-files.xcfilelist",
			);
			name = "[CP] Copy Pods Resources";
			outputFileListPaths = (
				"${PODS_ROOT}/Target Support Files/Pods-ModalRepro/Pods-ModalRepro-resources-${CONFIGURATION}-output-files.xcfilelist",
			);
			runOnlyForDeploymentPostprocessing = 0;
			shellPath = /bin/sh;
			shellScript = "\"${PODS_ROOT}/Target Support Files/Pods-ModalRepro/Pods-ModalRepro-resources.sh\"\n";
			showEnvVarsInLog = 0;
		};
		F65FCD0A1D429A199A0F4106 /* [CP] Embed Pods Frameworks */ = {
			isa = PBXShellScriptBuildPhase;
			buildActionMask = 2147483647;
			files = (
			);
			inputFileListPaths = (
				"${PODS_ROOT}/Target Support Files/Pods-ModalRepro/Pods-ModalRepro-frameworks-${CONFIGURATION}-input-files.xcfilelist",
			);
			name = "[CP] Embed Pods Frameworks";
			outputFileListPaths = (
				"${PODS_ROOT}/Target Support Files/Pods-ModalRepro/Pods-ModalRepro-frameworks-${CONFIGURATION}-output-files.xcfilelist",
			);
			runOnlyForDeploymentPostprocessing = 0;
			shellPath = /bin/sh;
			shellScript = "\"${PODS_ROOT}/Target Support Files/Pods-ModalRepro/Pods-ModalRepro-frameworks.sh\"\n";
			showEnvVarsInLog = 0;
		};
/* End PBXShellScriptBuildPhase section */

/* Begin PBXSourcesBuildPhase section */
		29E7A37D2C89A69000EB7951 /* Sources */ = {
			isa = PBXSourcesBuildPhase;
			buildActionMask = 2147483647;
			files = (
				29E7A38C2C89A69000EB7951 /* ViewController.m in Sources */,
				29E7A3862C89A69000EB7951 /* AppDelegate.m in Sources */,
				29E7A3972C89A69500EB7951 /* main.m in Sources */,
				29E7A3A02C89B1D700EB7951 /* ReactNativeViewController.m in Sources */,
				29E7A3892C89A69000EB7951 /* SceneDelegate.m in Sources */,
			);
			runOnlyForDeploymentPostprocessing = 0;
		};
/* End PBXSourcesBuildPhase section */

/* Begin PBXVariantGroup section */
		29E7A38D2C89A69000EB7951 /* Main.storyboard */ = {
			isa = PBXVariantGroup;
			children = (
				29E7A38E2C89A69000EB7951 /* Base */,
			);
			name = Main.storyboard;
			sourceTree = "<group>";
		};
		29E7A3922C89A69500EB7951 /* LaunchScreen.storyboard */ = {
			isa = PBXVariantGroup;
			children = (
				29E7A3932C89A69500EB7951 /* Base */,
			);
			name = LaunchScreen.storyboard;
			sourceTree = "<group>";
		};
/* End PBXVariantGroup section */

/* Begin XCBuildConfiguration section */
		29E7A3982C89A69500EB7951 /* Debug */ = {
			isa = XCBuildConfiguration;
			buildSettings = {
				ALWAYS_SEARCH_USER_PATHS = NO;
				ASSETCATALOG_COMPILER_GENERATE_SWIFT_ASSET_SYMBOL_EXTENSIONS = YES;
				CC = "";
				CLANG_ANALYZER_NONNULL = YES;
				CLANG_ANALYZER_NUMBER_OBJECT_CONVERSION = YES_AGGRESSIVE;
				CLANG_CXX_LANGUAGE_STANDARD = "c++20";
				CLANG_ENABLE_MODULES = YES;
				CLANG_ENABLE_OBJC_ARC = YES;
				CLANG_ENABLE_OBJC_WEAK = YES;
				CLANG_WARN_BLOCK_CAPTURE_AUTORELEASING = YES;
				CLANG_WARN_BOOL_CONVERSION = YES;
				CLANG_WARN_COMMA = YES;
				CLANG_WARN_CONSTANT_CONVERSION = YES;
				CLANG_WARN_DEPRECATED_OBJC_IMPLEMENTATIONS = YES;
				CLANG_WARN_DIRECT_OBJC_ISA_USAGE = YES_ERROR;
				CLANG_WARN_DOCUMENTATION_COMMENTS = YES;
				CLANG_WARN_EMPTY_BODY = YES;
				CLANG_WARN_ENUM_CONVERSION = YES;
				CLANG_WARN_INFINITE_RECURSION = YES;
				CLANG_WARN_INT_CONVERSION = YES;
				CLANG_WARN_NON_LITERAL_NULL_CONVERSION = YES;
				CLANG_WARN_OBJC_IMPLICIT_RETAIN_SELF = YES;
				CLANG_WARN_OBJC_LITERAL_CONVERSION = YES;
				CLANG_WARN_OBJC_ROOT_CLASS = YES_ERROR;
				CLANG_WARN_QUOTED_INCLUDE_IN_FRAMEWORK_HEADER = YES;
				CLANG_WARN_RANGE_LOOP_ANALYSIS = YES;
				CLANG_WARN_STRICT_PROTOTYPES = YES;
				CLANG_WARN_SUSPICIOUS_MOVE = YES;
				CLANG_WARN_UNGUARDED_AVAILABILITY = YES_AGGRESSIVE;
				CLANG_WARN_UNREACHABLE_CODE = YES;
				CLANG_WARN__DUPLICATE_METHOD_MATCH = YES;
				COPY_PHASE_STRIP = NO;
				CXX = "";
				DEBUG_INFORMATION_FORMAT = dwarf;
				ENABLE_STRICT_OBJC_MSGSEND = YES;
				ENABLE_TESTABILITY = YES;
				ENABLE_USER_SCRIPT_SANDBOXING = YES;
				GCC_C_LANGUAGE_STANDARD = gnu17;
				GCC_DYNAMIC_NO_PIC = NO;
				GCC_NO_COMMON_BLOCKS = YES;
				GCC_OPTIMIZATION_LEVEL = 0;
				GCC_PREPROCESSOR_DEFINITIONS = (
					"DEBUG=1",
					"$(inherited)",
				);
				GCC_WARN_64_TO_32_BIT_CONVERSION = YES;
				GCC_WARN_ABOUT_RETURN_TYPE = YES_ERROR;
				GCC_WARN_UNDECLARED_SELECTOR = YES;
				GCC_WARN_UNINITIALIZED_AUTOS = YES_AGGRESSIVE;
				GCC_WARN_UNUSED_FUNCTION = YES;
				GCC_WARN_UNUSED_VARIABLE = YES;
				LD = "";
				LDPLUSPLUS = "";
				LOCALIZATION_PREFERS_STRING_CATALOGS = YES;
				MTL_ENABLE_DEBUG_INFO = INCLUDE_SOURCE;
				MTL_FAST_MATH = YES;
				ONLY_ACTIVE_ARCH = YES;
				OTHER_LDFLAGS = (
					"$(inherited)",
					" ",
				);
				REACT_NATIVE_PATH = "${PODS_ROOT}/../../node_modules/react-native";
				SDKROOT = iphoneos;
				SWIFT_ACTIVE_COMPILATION_CONDITIONS = "$(inherited) DEBUG";
				USE_HERMES = true;
			};
			name = Debug;
		};
		29E7A3992C89A69500EB7951 /* Release */ = {
			isa = XCBuildConfiguration;
			buildSettings = {
				ALWAYS_SEARCH_USER_PATHS = NO;
				ASSETCATALOG_COMPILER_GENERATE_SWIFT_ASSET_SYMBOL_EXTENSIONS = YES;
				CC = "";
				CLANG_ANALYZER_NONNULL = YES;
				CLANG_ANALYZER_NUMBER_OBJECT_CONVERSION = YES_AGGRESSIVE;
				CLANG_CXX_LANGUAGE_STANDARD = "c++20";
				CLANG_ENABLE_MODULES = YES;
				CLANG_ENABLE_OBJC_ARC = YES;
				CLANG_ENABLE_OBJC_WEAK = YES;
				CLANG_WARN_BLOCK_CAPTURE_AUTORELEASING = YES;
				CLANG_WARN_BOOL_CONVERSION = YES;
				CLANG_WARN_COMMA = YES;
				CLANG_WARN_CONSTANT_CONVERSION = YES;
				CLANG_WARN_DEPRECATED_OBJC_IMPLEMENTATIONS = YES;
				CLANG_WARN_DIRECT_OBJC_ISA_USAGE = YES_ERROR;
				CLANG_WARN_DOCUMENTATION_COMMENTS = YES;
				CLANG_WARN_EMPTY_BODY = YES;
				CLANG_WARN_ENUM_CONVERSION = YES;
				CLANG_WARN_INFINITE_RECURSION = YES;
				CLANG_WARN_INT_CONVERSION = YES;
				CLANG_WARN_NON_LITERAL_NULL_CONVERSION = YES;
				CLANG_WARN_OBJC_IMPLICIT_RETAIN_SELF = YES;
				CLANG_WARN_OBJC_LITERAL_CONVERSION = YES;
				CLANG_WARN_OBJC_ROOT_CLASS = YES_ERROR;
				CLANG_WARN_QUOTED_INCLUDE_IN_FRAMEWORK_HEADER = YES;
				CLANG_WARN_RANGE_LOOP_ANALYSIS = YES;
				CLANG_WARN_STRICT_PROTOTYPES = YES;
				CLANG_WARN_SUSPICIOUS_MOVE = YES;
				CLANG_WARN_UNGUARDED_AVAILABILITY = YES_AGGRESSIVE;
				CLANG_WARN_UNREACHABLE_CODE = YES;
				CLANG_WARN__DUPLICATE_METHOD_MATCH = YES;
				COPY_PHASE_STRIP = NO;
				CXX = "";
				DEBUG_INFORMATION_FORMAT = "dwarf-with-dsym";
				ENABLE_NS_ASSERTIONS = NO;
				ENABLE_STRICT_OBJC_MSGSEND = YES;
				ENABLE_USER_SCRIPT_SANDBOXING = YES;
				GCC_C_LANGUAGE_STANDARD = gnu17;
				GCC_NO_COMMON_BLOCKS = YES;
				GCC_WARN_64_TO_32_BIT_CONVERSION = YES;
				GCC_WARN_ABOUT_RETURN_TYPE = YES_ERROR;
				GCC_WARN_UNDECLARED_SELECTOR = YES;
				GCC_WARN_UNINITIALIZED_AUTOS = YES_AGGRESSIVE;
				GCC_WARN_UNUSED_FUNCTION = YES;
				GCC_WARN_UNUSED_VARIABLE = YES;
				LD = "";
				LDPLUSPLUS = "";
				LOCALIZATION_PREFERS_STRING_CATALOGS = YES;
				MTL_ENABLE_DEBUG_INFO = NO;
				MTL_FAST_MATH = YES;
				OTHER_LDFLAGS = (
					"$(inherited)",
					" ",
				);
				REACT_NATIVE_PATH = "${PODS_ROOT}/../../node_modules/react-native";
				SDKROOT = iphoneos;
				USE_HERMES = true;
				VALIDATE_PRODUCT = YES;
			};
			name = Release;
		};
		29E7A39B2C89A69500EB7951 /* Debug */ = {
			isa = XCBuildConfiguration;
			baseConfigurationReference = 3BC8712B8D643E8A590F3E7B /* Pods-ModalRepro.debug.xcconfig */;
			buildSettings = {
				ASSETCATALOG_COMPILER_APPICON_NAME = AppIcon;
				ASSETCATALOG_COMPILER_GLOBAL_ACCENT_COLOR_NAME = AccentColor;
				CODE_SIGN_STYLE = Automatic;
				CURRENT_PROJECT_VERSION = 1;
				ENABLE_USER_SCRIPT_SANDBOXING = NO;
				GENERATE_INFOPLIST_FILE = YES;
				INFOPLIST_FILE = ModalRepro/Info.plist;
				INFOPLIST_KEY_UIApplicationSupportsIndirectInputEvents = YES;
				INFOPLIST_KEY_UILaunchStoryboardName = LaunchScreen;
				INFOPLIST_KEY_UIMainStoryboardFile = Main;
				INFOPLIST_KEY_UIRequiresFullScreen = NO;
				INFOPLIST_KEY_UIStatusBarHidden = NO;
				INFOPLIST_KEY_UISupportedInterfaceOrientations = "UIInterfaceOrientationLandscapeLeft UIInterfaceOrientationLandscapeRight UIInterfaceOrientationPortrait";
				INFOPLIST_KEY_UISupportedInterfaceOrientations_iPad = "UIInterfaceOrientationLandscapeLeft UIInterfaceOrientationLandscapeRight UIInterfaceOrientationPortrait UIInterfaceOrientationPortraitUpsideDown";
				IPHONEOS_DEPLOYMENT_TARGET = 13.4;
				LD_RUNPATH_SEARCH_PATHS = (
					"$(inherited)",
					"@executable_path/Frameworks",
				);
				MARKETING_VERSION = 1.0;
				PRODUCT_BUNDLE_IDENTIFIER = com.company.ModalRepro;
				PRODUCT_NAME = "$(TARGET_NAME)";
				SWIFT_EMIT_LOC_STRINGS = YES;
				TARGETED_DEVICE_FAMILY = "1,2";
			};
			name = Debug;
		};
		29E7A39C2C89A69500EB7951 /* Release */ = {
			isa = XCBuildConfiguration;
			baseConfigurationReference = 0E760F6C320BAC722706C93C /* Pods-ModalRepro.release.xcconfig */;
			buildSettings = {
				ASSETCATALOG_COMPILER_APPICON_NAME = AppIcon;
				ASSETCATALOG_COMPILER_GLOBAL_ACCENT_COLOR_NAME = AccentColor;
				CODE_SIGN_STYLE = Automatic;
				CURRENT_PROJECT_VERSION = 1;
				ENABLE_USER_SCRIPT_SANDBOXING = NO;
				GENERATE_INFOPLIST_FILE = YES;
				INFOPLIST_FILE = ModalRepro/Info.plist;
				INFOPLIST_KEY_UIApplicationSupportsIndirectInputEvents = YES;
				INFOPLIST_KEY_UILaunchStoryboardName = LaunchScreen;
				INFOPLIST_KEY_UIMainStoryboardFile = Main;
				INFOPLIST_KEY_UIRequiresFullScreen = NO;
				INFOPLIST_KEY_UIStatusBarHidden = NO;
				INFOPLIST_KEY_UISupportedInterfaceOrientations = "UIInterfaceOrientationLandscapeLeft UIInterfaceOrientationLandscapeRight UIInterfaceOrientationPortrait";
				INFOPLIST_KEY_UISupportedInterfaceOrientations_iPad = "UIInterfaceOrientationLandscapeLeft UIInterfaceOrientationLandscapeRight UIInterfaceOrientationPortrait UIInterfaceOrientationPortraitUpsideDown";
				IPHONEOS_DEPLOYMENT_TARGET = 13.4;
				LD_RUNPATH_SEARCH_PATHS = (
					"$(inherited)",
					"@executable_path/Frameworks",
				);
				MARKETING_VERSION = 1.0;
				PRODUCT_BUNDLE_IDENTIFIER = com.company.ModalRepro;
				PRODUCT_NAME = "$(TARGET_NAME)";
				SWIFT_EMIT_LOC_STRINGS = YES;
				TARGETED_DEVICE_FAMILY = "1,2";
			};
			name = Release;
		};
/* End XCBuildConfiguration section */

/* Begin XCConfigurationList section */
		29E7A37C2C89A69000EB7951 /* Build configuration list for PBXProject "ModalRepro" */ = {
			isa = XCConfigurationList;
			buildConfigurations = (
				29E7A3982C89A69500EB7951 /* Debug */,
				29E7A3992C89A69500EB7951 /* Release */,
			);
			defaultConfigurationIsVisible = 0;
			defaultConfigurationName = Release;
		};
		29E7A39A2C89A69500EB7951 /* Build configuration list for PBXNativeTarget "ModalRepro" */ = {
			isa = XCConfigurationList;
			buildConfigurations = (
				29E7A39B2C89A69500EB7951 /* Debug */,
				29E7A39C2C89A69500EB7951 /* Release */,
			);
			defaultConfigurationIsVisible = 0;
			defaultConfigurationName = Release;
		};
/* End XCConfigurationList section */
	};
	rootObject = 29E7A3792C89A69000EB7951 /* Project object */;
}
